
Microsoft Visual Studio Solution File, Format Version 12.00
# Visual Studio Version 17
VisualStudioVersion = 17.9.34714.143
MinimumVisualStudioVersion = 10.0.40219.1
Project("{FAE04EC0-301F-11D3-BF4B-00C04F79EFBC}") = "BlazorBooksApp", "BlazorBooksApp\BlazorBooksApp.csproj", "{05E5D26B-BD1A-4415-9275-2417FFE4352D}"
EndProject
Global
	GlobalSection(SolutionConfigurationPlatforms) = preSolution
		Debug|Any CPU = Debug|Any CPU
		Release|Any CPU = Release|Any CPU
	EndGlobalSection
	GlobalSection(ProjectConfigurationPlatforms) = postSolution
		{05E5D26B-BD1A-4415-9275-2417FFE4352D}.Debug|Any CPU.ActiveCfg = Debug|Any CPU
		{05E5D26B-BD1A-4415-9275-2417FFE4352D}.Debug|Any CPU.Build.0 = Debug|Any CPU
		{05E5D26B-BD1A-4415-9275-2417FFE4352D}.Release|Any CPU.ActiveCfg = Release|Any CPU
		{05E5D26B-BD1A-4415-9275-2417FFE4352D}.Release|Any CPU.Build.0 = Release|Any CPU
	EndGlobalSection
	GlobalSection(SolutionProperties) = preSolution
		HideSolutionNode = FALSE
	EndGlobalSection
	GlobalSection(ExtensibilityGlobals) = postSolution
		SolutionGuid = {E26F0D3E-B65A-4FCE-A069-8069804A7FC3}
	EndGlobalSection
EndGlobal
